
Microsoft Visual Studio Solution File, Format Version 12.00
# Visual Studio Version 17
VisualStudioVersion = 17.9.34616.47
MinimumVisualStudioVersion = 10.0.40219.1
Project("{FAE04EC0-301F-11D3-BF4B-00C04F79EFBC}") = "SimpleTable.TestApp", "SimpleTable.TestApp\SimpleTable.TestApp.csproj", "{557A0650-245D-4B8C-9C81-21C95CA7803F}"
EndProject
Project("{FAE04EC0-301F-11D3-BF4B-00C04F79EFBC}") = "SimpleTable", "SimpleTable\SimpleTable.csproj", "{F21DCA82-8DF2-4A7D-B88F-9F3CE4A53CD0}"
EndProject
Global
	GlobalSection(SolutionConfigurationPlatforms) = preSolution
		Debug|Any CPU = Debug|Any CPU
		Release|Any CPU = Release|Any CPU
	EndGlobalSection
	GlobalSection(ProjectConfigurationPlatforms) = postSolution
		{557A0650-245D-4B8C-9C81-21C95CA7803F}.Debug|Any CPU.ActiveCfg = Debug|Any CPU
		{557A0650-245D-4B8C-9C81-21C95CA7803F}.Debug|Any CPU.Build.0 = Debug|Any CPU
		{557A0650-245D-4B8C-9C81-21C95CA7803F}.Release|Any CPU.ActiveCfg = Release|Any CPU
		{557A0650-245D-4B8C-9C81-21C95CA7803F}.Release|Any CPU.Build.0 = Release|Any CPU
		{F21DCA82-8DF2-4A7D-B88F-9F3CE4A53CD0}.Debug|Any CPU.ActiveCfg = Debug|Any CPU
		{F21DCA82-8DF2-4A7D-B88F-9F3CE4A53CD0}.Debug|Any CPU.Build.0 = Debug|Any CPU
		{F21DCA82-8DF2-4A7D-B88F-9F3CE4A53CD0}.Release|Any CPU.ActiveCfg = Release|Any CPU
		{F21DCA82-8DF2-4A7D-B88F-9F3CE4A53CD0}.Release|Any CPU.Build.0 = Release|Any CPU
	EndGlobalSection
	GlobalSection(SolutionProperties) = preSolution
		HideSolutionNode = FALSE
	EndGlobalSection
	GlobalSection(ExtensibilityGlobals) = postSolution
		SolutionGuid = {16941C2F-E337-46DF-A91D-3E0C022296BD}
	EndGlobalSection
EndGlobal
